
Microsoft Visual Studio Solution File, Format Version 12.00
# Visual Studio Version 16
VisualStudioVersion = 16.0.30114.105
MinimumVisualStudioVersion = 10.0.40219.1
Project("{FAE04EC0-301F-11D3-BF4B-00C04F79EFBC}") = "PaymentContext.Domain", "PaymentContext.Domain\PaymentContext.Domain.csproj", "{8D1CE077-AA77-4178-A446-B3D8A573E44A}"
EndProject
Project("{FAE04EC0-301F-11D3-BF4B-00C04F79EFBC}") = "PaymentContext.Shared", "PaymentContext.Shared\PaymentContext.Shared.csproj", "{A4E1A462-9942-4F7A-AA7E-6FF02151FBB9}"
EndProject
Project("{FAE04EC0-301F-11D3-BF4B-00C04F79EFBC}") = "PaymentContext.Tests", "PaymentContext.Tests\PaymentContext.Tests.csproj", "{A953D303-6957-45BF-BA77-1C73F8854659}"
EndProject
Global
	GlobalSection(SolutionConfigurationPlatforms) = preSolution
		Debug|Any CPU = Debug|Any CPU
		Release|Any CPU = Release|Any CPU
	EndGlobalSection
	GlobalSection(SolutionProperties) = preSolution
		HideSolutionNode = FALSE
	EndGlobalSection
	GlobalSection(ProjectConfigurationPlatforms) = postSolution
		{8D1CE077-AA77-4178-A446-B3D8A573E44A}.Debug|Any CPU.ActiveCfg = Debug|Any CPU
		{8D1CE077-AA77-4178-A446-B3D8A573E44A}.Debug|Any CPU.Build.0 = Debug|Any CPU
		{8D1CE077-AA77-4178-A446-B3D8A573E44A}.Release|Any CPU.ActiveCfg = Release|Any CPU
		{8D1CE077-AA77-4178-A446-B3D8A573E44A}.Release|Any CPU.Build.0 = Release|Any CPU
		{A4E1A462-9942-4F7A-AA7E-6FF02151FBB9}.Debug|Any CPU.ActiveCfg = Debug|Any CPU
		{A4E1A462-9942-4F7A-AA7E-6FF02151FBB9}.Debug|Any CPU.Build.0 = Debug|Any CPU
		{A4E1A462-9942-4F7A-AA7E-6FF02151FBB9}.Release|Any CPU.ActiveCfg = Release|Any CPU
		{A4E1A462-9942-4F7A-AA7E-6FF02151FBB9}.Release|Any CPU.Build.0 = Release|Any CPU
		{A953D303-6957-45BF-BA77-1C73F8854659}.Debug|Any CPU.ActiveCfg = Debug|Any CPU
		{A953D303-6957-45BF-BA77-1C73F8854659}.Debug|Any CPU.Build.0 = Debug|Any CPU
		{A953D303-6957-45BF-BA77-1C73F8854659}.Release|Any CPU.ActiveCfg = Release|Any CPU
		{A953D303-6957-45BF-BA77-1C73F8854659}.Release|Any CPU.Build.0 = Release|Any CPU
	EndGlobalSection
EndGlobal
